
Microsoft Visual Studio Solution File, Format Version 12.00
# Visual Studio 2013
VisualStudioVersion = 12.0.21005.1
MinimumVisualStudioVersion = 10.0.40219.1
Project("{FAE04EC0-301F-11D3-BF4B-00C04F79EFBC}") = "Elmah.Sandbox", "Sandbox\Elmah.Sandbox.csproj", "{4ECE273D-21E1-4366-923B-6DBA92299FD4}"
EndProject
Project("{FAE04EC0-301F-11D3-BF4B-00C04F79EFBC}") = "Elmah.Bootstrapper", "Bootstrapper\Elmah.Bootstrapper.csproj", "{BA4487F4-AD1B-4743-B08B-D8BEE1789EB8}"
EndProject
Project("{FAE04EC0-301F-11D3-BF4B-00C04F79EFBC}") = "Elmah.Mvc", "Elmah.Mvc\Elmah.Mvc.csproj", "{40749E0E-D3FA-4EE1-B51C-1F9A9B57CF82}"
EndProject
Project("{FAE04EC0-301F-11D3-BF4B-00C04F79EFBC}") = "Elmah.MongoDb", "Elmah.MongoDb\Elmah.MongoDb.csproj", "{BC83F1F6-93F8-4224-AB66-506683F87947}"
EndProject
Global
	GlobalSection(SolutionConfigurationPlatforms) = preSolution
		Debug|Any CPU = Debug|Any CPU
		Debug|Mixed Platforms = Debug|Mixed Platforms
		Debug|x86 = Debug|x86
		Release|Any CPU = Release|Any CPU
		Release|Mixed Platforms = Release|Mixed Platforms
		Release|x86 = Release|x86
	EndGlobalSection
	GlobalSection(ProjectConfigurationPlatforms) = postSolution
		{4ECE273D-21E1-4366-923B-6DBA92299FD4}.Debug|Any CPU.ActiveCfg = Debug|Any CPU
		{4ECE273D-21E1-4366-923B-6DBA92299FD4}.Debug|Any CPU.Build.0 = Debug|Any CPU
		{4ECE273D-21E1-4366-923B-6DBA92299FD4}.Debug|Mixed Platforms.ActiveCfg = Debug|Any CPU
		{4ECE273D-21E1-4366-923B-6DBA92299FD4}.Debug|Mixed Platforms.Build.0 = Debug|Any CPU
		{4ECE273D-21E1-4366-923B-6DBA92299FD4}.Debug|x86.ActiveCfg = Debug|Any CPU
		{4ECE273D-21E1-4366-923B-6DBA92299FD4}.Release|Any CPU.ActiveCfg = Release|Any CPU
		{4ECE273D-21E1-4366-923B-6DBA92299FD4}.Release|Any CPU.Build.0 = Release|Any CPU
		{4ECE273D-21E1-4366-923B-6DBA92299FD4}.Release|Mixed Platforms.ActiveCfg = Release|Any CPU
		{4ECE273D-21E1-4366-923B-6DBA92299FD4}.Release|Mixed Platforms.Build.0 = Release|Any CPU
		{4ECE273D-21E1-4366-923B-6DBA92299FD4}.Release|x86.ActiveCfg = Release|Any CPU
		{BA4487F4-AD1B-4743-B08B-D8BEE1789EB8}.Debug|Any CPU.ActiveCfg = Debug|Any CPU
		{BA4487F4-AD1B-4743-B08B-D8BEE1789EB8}.Debug|Any CPU.Build.0 = Debug|Any CPU
		{BA4487F4-AD1B-4743-B08B-D8BEE1789EB8}.Debug|Mixed Platforms.ActiveCfg = Debug|Any CPU
		{BA4487F4-AD1B-4743-B08B-D8BEE1789EB8}.Debug|Mixed Platforms.Build.0 = Debug|Any CPU
		{BA4487F4-AD1B-4743-B08B-D8BEE1789EB8}.Debug|x86.ActiveCfg = Debug|Any CPU
		{BA4487F4-AD1B-4743-B08B-D8BEE1789EB8}.Release|Any CPU.ActiveCfg = Release|Any CPU
		{BA4487F4-AD1B-4743-B08B-D8BEE1789EB8}.Release|Any CPU.Build.0 = Release|Any CPU
		{BA4487F4-AD1B-4743-B08B-D8BEE1789EB8}.Release|Mixed Platforms.ActiveCfg = Release|Any CPU
		{BA4487F4-AD1B-4743-B08B-D8BEE1789EB8}.Release|Mixed Platforms.Build.0 = Release|Any CPU
		{BA4487F4-AD1B-4743-B08B-D8BEE1789EB8}.Release|x86.ActiveCfg = Release|Any CPU
		{40749E0E-D3FA-4EE1-B51C-1F9A9B57CF82}.Debug|Any CPU.ActiveCfg = Debug|Any CPU
		{40749E0E-D3FA-4EE1-B51C-1F9A9B57CF82}.Debug|Any CPU.Build.0 = Debug|Any CPU
		{40749E0E-D3FA-4EE1-B51C-1F9A9B57CF82}.Debug|Mixed Platforms.ActiveCfg = Debug|Any CPU
		{40749E0E-D3FA-4EE1-B51C-1F9A9B57CF82}.Debug|Mixed Platforms.Build.0 = Debug|Any CPU
		{40749E0E-D3FA-4EE1-B51C-1F9A9B57CF82}.Debug|x86.ActiveCfg = Debug|Any CPU
		{40749E0E-D3FA-4EE1-B51C-1F9A9B57CF82}.Release|Any CPU.ActiveCfg = Release|Any CPU
		{40749E0E-D3FA-4EE1-B51C-1F9A9B57CF82}.Release|Any CPU.Build.0 = Release|Any CPU
		{40749E0E-D3FA-4EE1-B51C-1F9A9B57CF82}.Release|Mixed Platforms.ActiveCfg = Release|Any CPU
		{40749E0E-D3FA-4EE1-B51C-1F9A9B57CF82}.Release|Mixed Platforms.Build.0 = Release|Any CPU
		{40749E0E-D3FA-4EE1-B51C-1F9A9B57CF82}.Release|x86.ActiveCfg = Release|Any CPU
		{BC83F1F6-93F8-4224-AB66-506683F87947}.Debug|Any CPU.ActiveCfg = Debug|Any CPU
		{BC83F1F6-93F8-4224-AB66-506683F87947}.Debug|Any CPU.Build.0 = Debug|Any CPU
		{BC83F1F6-93F8-4224-AB66-506683F87947}.Debug|Mixed Platforms.ActiveCfg = Debug|Any CPU
		{BC83F1F6-93F8-4224-AB66-506683F87947}.Debug|Mixed Platforms.Build.0 = Debug|Any CPU
		{BC83F1F6-93F8-4224-AB66-506683F87947}.Debug|x86.ActiveCfg = Debug|Any CPU
		{BC83F1F6-93F8-4224-AB66-506683F87947}.Release|Any CPU.ActiveCfg = Release|Any CPU
		{BC83F1F6-93F8-4224-AB66-506683F87947}.Release|Any CPU.Build.0 = Release|Any CPU
		{BC83F1F6-93F8-4224-AB66-506683F87947}.Release|Mixed Platforms.ActiveCfg = Release|Any CPU
		{BC83F1F6-93F8-4224-AB66-506683F87947}.Release|Mixed Platforms.Build.0 = Release|Any CPU
		{BC83F1F6-93F8-4224-AB66-506683F87947}.Release|x86.ActiveCfg = Release|Any CPU
	EndGlobalSection
	GlobalSection(SolutionProperties) = preSolution
		HideSolutionNode = FALSE
	EndGlobalSection
EndGlobal
